
Microsoft Visual Studio Solution File, Format Version 12.00
# Visual Studio 15
VisualStudioVersion = 15.0.27428.2043
MinimumVisualStudioVersion = 10.0.40219.1
Project("{8BC9CEB8-8B4A-11D0-8D11-00A0C91BC942}") = "Color", "Color\Color.vcxproj", "{2BCBCD53-C05E-4FE9-A555-BD0503D7C8DC}"
EndProject
Project("{8BC9CEB8-8B4A-11D0-8D11-00A0C91BC942}") = "Fundation2017", "..\Fundation2017\Fundation2017.vcxproj", "{2C901E7F-CA6D-47C4-8B5B-89BBEA8B61B7}"
EndProject
Global
	GlobalSection(SolutionConfigurationPlatforms) = preSolution
		Debug|x64 = Debug|x64
		Debug|x86 = Debug|x86
		Release|x64 = Release|x64
		Release|x86 = Release|x86
	EndGlobalSection
	GlobalSection(ProjectConfigurationPlatforms) = postSolution
		{2BCBCD53-C05E-4FE9-A555-BD0503D7C8DC}.Debug|x64.ActiveCfg = Debug|x64
		{2BCBCD53-C05E-4FE9-A555-BD0503D7C8DC}.Debug|x64.Build.0 = Debug|x64
		{2BCBCD53-C05E-4FE9-A555-BD0503D7C8DC}.Debug|x86.ActiveCfg = Debug|Win32
		{2BCBCD53-C05E-4FE9-A555-BD0503D7C8DC}.Debug|x86.Build.0 = Debug|Win32
		{2BCBCD53-C05E-4FE9-A555-BD0503D7C8DC}.Release|x64.ActiveCfg = Release|x64
		{2BCBCD53-C05E-4FE9-A555-BD0503D7C8DC}.Release|x64.Build.0 = Release|x64
		{2BCBCD53-C05E-4FE9-A555-BD0503D7C8DC}.Release|x86.ActiveCfg = Release|Win32
		{2BCBCD53-C05E-4FE9-A555-BD0503D7C8DC}.Release|x86.Build.0 = Release|Win32
		{2C901E7F-CA6D-47C4-8B5B-89BBEA8B61B7}.Debug|x64.ActiveCfg = Debug|x64
		{2C901E7F-CA6D-47C4-8B5B-89BBEA8B61B7}.Debug|x64.Build.0 = Debug|x64
		{2C901E7F-CA6D-47C4-8B5B-89BBEA8B61B7}.Debug|x86.ActiveCfg = Debug|Win32
		{2C901E7F-CA6D-47C4-8B5B-89BBEA8B61B7}.Debug|x86.Build.0 = Debug|Win32
		{2C901E7F-CA6D-47C4-8B5B-89BBEA8B61B7}.Release|x64.ActiveCfg = Release|x64
		{2C901E7F-CA6D-47C4-8B5B-89BBEA8B61B7}.Release|x64.Build.0 = Release|x64
		{2C901E7F-CA6D-47C4-8B5B-89BBEA8B61B7}.Release|x86.ActiveCfg = Release|Win32
		{2C901E7F-CA6D-47C4-8B5B-89BBEA8B61B7}.Release|x86.Build.0 = Release|Win32
	EndGlobalSection
	GlobalSection(SolutionProperties) = preSolution
		HideSolutionNode = FALSE
	EndGlobalSection
	GlobalSection(ExtensibilityGlobals) = postSolution
		SolutionGuid = {F42A61E8-6F44-44BE-811B-8B2AD9BA9FCE}
	EndGlobalSection
EndGlobal
