<?xml version="1.0" encoding="utf-8"?>
<Project ToolsVersion="4.0" xmlns="http://schemas.microsoft.com/developer/msbuild/2003">
  <ItemGroup>
    <ClCompile Include="ServerToClientDataUdp.cpp" />
    <ClCompile Include="ClientToServerData.cpp" />
    <ClCompile Include="FieldProperty.cpp" />
    <ClCompile Include="ServerToClientDataTcp.cpp" />
  </ItemGroup>
  <ItemGroup>
    <ClInclude Include="ServerToClientDataUdp.h" />
    <ClInclude Include="ClientToServerData.h" />
    <ClInclude Include="FieldProperty.h" />
    <ClInclude Include="ServerToClientDataTcp.h" />
  </ItemGroup>
</Project>