<?xml version="1.0" encoding="utf-8"?>
<Project ToolsVersion="4.0" xmlns="http://schemas.microsoft.com/developer/msbuild/2003">
  <ItemGroup>
    <ClCompile Include="main.cpp" />
    <ClCompile Include="Scene.cpp">
      <Filter>SceneManager</Filter>
    </ClCompile>
    <ClCompile Include="SceneManager.cpp">
      <Filter>SceneManager\SceneManager</Filter>
    </ClCompile>
    <ClCompile Include="Connector.cpp">
      <Filter>Scene\Game\Network</Filter>
    </ClCompile>
    <ClCompile Include="NetworkManager.cpp">
      <Filter>Scene\Game\Network\NewworkManager</Filter>
    </ClCompile>
    <ClCompile Include="TitleProcessor.cpp">
      <Filter>Scene\Title</Filter>
    </ClCompile>
    <ClCompile Include="TitleViewer.cpp">
      <Filter>Scene\Title</Filter>
    </ClCompile>
    <ClCompile Include="NWOptionProcessor.cpp">
      <Filter>Scene\NWOption</Filter>
    </ClCompile>
    <ClCompile Include="NWOptionViewer.cpp">
      <Filter>Scene\NWOption</Filter>
    </ClCompile>
    <ClCompile Include="GameProcessor.cpp">
      <Filter>Scene\Game</Filter>
    </ClCompile>
    <ClCompile Include="GameViewer.cpp">
      <Filter>Scene\Game</Filter>
    </ClCompile>
    <ClCompile Include="ResultViewer.cpp">
      <Filter>Scene\Result</Filter>
    </ClCompile>
    <ClCompile Include="ResultProcessor.cpp">
      <Filter>Scene\Result</Filter>
    </ClCompile>
    <ClCompile Include="CharacterSelectProcessor.cpp">
      <Filter>Scene\CharacterSelect</Filter>
    </ClCompile>
    <ClCompile Include="CharacterSelectViewer.cpp">
      <Filter>Scene\CharacterSelect</Filter>
    </ClCompile>
    <ClCompile Include="Game.cpp">
      <Filter>Scene\Game</Filter>
    </ClCompile>
    <ClCompile Include="CharacterSelect.cpp">
      <Filter>Scene\CharacterSelect</Filter>
    </ClCompile>
    <ClCompile Include="NWOption.cpp">
      <Filter>Scene\NWOption</Filter>
    </ClCompile>
    <ClCompile Include="Result.cpp">
      <Filter>Scene\Result</Filter>
    </ClCompile>
    <ClCompile Include="Title.cpp">
      <Filter>Scene\Title</Filter>
    </ClCompile>
    <ClCompile Include="StartButtonViewer.cpp">
      <Filter>Button\StartButton</Filter>
    </ClCompile>
    <ClCompile Include="StartButton.cpp">
      <Filter>Button\StartButton</Filter>
    </ClCompile>
    <ClCompile Include="OptionButtonViewer.cpp">
      <Filter>Button\OptionButton</Filter>
    </ClCompile>
    <ClCompile Include="OptionButton.cpp">
      <Filter>Button\OptionButton</Filter>
    </ClCompile>
    <ClCompile Include="Field.cpp">
      <Filter>Scene\Game\Process\Area</Filter>
    </ClCompile>
    <ClCompile Include="Area.cpp">
      <Filter>Scene\Game\Process\Area</Filter>
    </ClCompile>
    <ClCompile Include="ViewField.cpp">
      <Filter>Scene\Game\View</Filter>
    </ClCompile>
    <ClCompile Include="PlayerUI.cpp">
      <Filter>Scene\Game\Process\Area</Filter>
    </ClCompile>
    <ClCompile Include="ViewPlayerUI.cpp">
      <Filter>Scene\Game\View</Filter>
    </ClCompile>
  </ItemGroup>
  <ItemGroup>
    <ClInclude Include="Scene.h">
      <Filter>SceneManager</Filter>
    </ClInclude>
    <ClInclude Include="SceneManager.h">
      <Filter>SceneManager\SceneManager</Filter>
    </ClInclude>
    <ClInclude Include="Connector.h">
      <Filter>Scene\Game\Network</Filter>
    </ClInclude>
    <ClInclude Include="NetworkManager.h">
      <Filter>Scene\Game\Network\NewworkManager</Filter>
    </ClInclude>
    <ClInclude Include="TitleProcessor.h">
      <Filter>Scene\Title</Filter>
    </ClInclude>
    <ClInclude Include="TitleViewer.h">
      <Filter>Scene\Title</Filter>
    </ClInclude>
    <ClInclude Include="NWOptionProcessor.h">
      <Filter>Scene\NWOption</Filter>
    </ClInclude>
    <ClInclude Include="NWOptionViewer.h">
      <Filter>Scene\NWOption</Filter>
    </ClInclude>
    <ClInclude Include="GameProcessor.h">
      <Filter>Scene\Game</Filter>
    </ClInclude>
    <ClInclude Include="GameViewer.h">
      <Filter>Scene\Game</Filter>
    </ClInclude>
    <ClInclude Include="ResultViewer.h">
      <Filter>Scene\Result</Filter>
    </ClInclude>
    <ClInclude Include="ResultProcessor.h">
      <Filter>Scene\Result</Filter>
    </ClInclude>
    <ClInclude Include="CharacterSelectProcessor.h">
      <Filter>Scene\CharacterSelect</Filter>
    </ClInclude>
    <ClInclude Include="CharacterSelectViewer.h">
      <Filter>Scene\CharacterSelect</Filter>
    </ClInclude>
    <ClInclude Include="Game.h">
      <Filter>Scene\Game</Filter>
    </ClInclude>
    <ClInclude Include="CharacterSelect.h">
      <Filter>Scene\CharacterSelect</Filter>
    </ClInclude>
    <ClInclude Include="NWOption.h">
      <Filter>Scene\NWOption</Filter>
    </ClInclude>
    <ClInclude Include="Result.h">
      <Filter>Scene\Result</Filter>
    </ClInclude>
    <ClInclude Include="Title.h">
      <Filter>Scene\Title</Filter>
    </ClInclude>
    <ClInclude Include="StartButton.h">
      <Filter>Button\StartButton</Filter>
    </ClInclude>
    <ClInclude Include="StartButtonViewer.h">
      <Filter>Button\StartButton</Filter>
    </ClInclude>
    <ClInclude Include="OptionButtonViewer.h">
      <Filter>Button\OptionButton</Filter>
    </ClInclude>
    <ClInclude Include="OptionButton.h">
      <Filter>Button\OptionButton</Filter>
    </ClInclude>
    <ClInclude Include="Field.h">
      <Filter>Scene\Game\Process\Area</Filter>
    </ClInclude>
    <ClInclude Include="Area.h">
      <Filter>Scene\Game\Process\Area</Filter>
    </ClInclude>
    <ClInclude Include="ViewField.h">
      <Filter>Scene\Game\View</Filter>
    </ClInclude>
    <ClInclude Include="PlayerUI.h">
      <Filter>Scene\Game\Process\Area</Filter>
    </ClInclude>
    <ClInclude Include="ViewPlayerUI.h">
      <Filter>Scene\Game\View</Filter>
    </ClInclude>
  </ItemGroup>
  <ItemGroup>
    <Filter Include="Scene">
      <UniqueIdentifier>{9408e5cd-a982-4711-9c4d-aa81def0c4bf}</UniqueIdentifier>
    </Filter>
    <Filter Include="Scene\Title">
      <UniqueIdentifier>{1e2caa69-7fb4-4417-8a18-dd576cf99680}</UniqueIdentifier>
    </Filter>
    <Filter Include="Scene\NWOption">
      <UniqueIdentifier>{be7c2751-e509-4a2d-aa2e-716876e1aefc}</UniqueIdentifier>
    </Filter>
    <Filter Include="Scene\Game">
      <UniqueIdentifier>{7618e9f9-261a-471e-ac79-de77189b0772}</UniqueIdentifier>
    </Filter>
    <Filter Include="Scene\Result">
      <UniqueIdentifier>{9c20b92a-6898-4c8e-9293-10fe8250bb47}</UniqueIdentifier>
    </Filter>
    <Filter Include="Scene\CharacterSelect">
      <UniqueIdentifier>{7191bb1b-0413-4aa5-8c7a-ebf1a7269a3b}</UniqueIdentifier>
    </Filter>
    <Filter Include="SceneManager">
      <UniqueIdentifier>{b859ccb4-4c8e-4493-8e8a-3e2e6187d9a5}</UniqueIdentifier>
    </Filter>
    <Filter Include="SceneManager\SceneManager">
      <UniqueIdentifier>{5f66ea36-58ce-4825-a1f5-17e0e89bbba4}</UniqueIdentifier>
    </Filter>
    <Filter Include="Scene\Game\Network">
      <UniqueIdentifier>{fba4fdb9-4d0e-40ff-9e05-7f8b671b11dd}</UniqueIdentifier>
    </Filter>
    <Filter Include="Scene\Game\Network\NewworkManager">
      <UniqueIdentifier>{ea28f25d-8a02-41d9-9634-333fae767efe}</UniqueIdentifier>
    </Filter>
    <Filter Include="Button">
      <UniqueIdentifier>{269c9bea-0e38-4603-9a02-1566ea10a0f1}</UniqueIdentifier>
    </Filter>
    <Filter Include="Button\StartButton">
      <UniqueIdentifier>{f04083af-af3f-4cd7-94e4-a0d4bb7473b6}</UniqueIdentifier>
    </Filter>
    <Filter Include="Button\OptionButton">
      <UniqueIdentifier>{a9657296-4b29-4079-8a73-298526614e70}</UniqueIdentifier>
    </Filter>
    <Filter Include="Scene\Game\Process">
      <UniqueIdentifier>{5ce4be2e-38e5-4fbc-9225-a362f5e66363}</UniqueIdentifier>
    </Filter>
    <Filter Include="Scene\Game\Process\Area">
      <UniqueIdentifier>{cd24c40e-a267-4e39-aa3e-a0a60575ed41}</UniqueIdentifier>
    </Filter>
    <Filter Include="Scene\Game\View">
      <UniqueIdentifier>{f2ee877b-b092-434a-b61e-79632f2bcb9d}</UniqueIdentifier>
    </Filter>
  </ItemGroup>
</Project>