<?xml version="1.0" encoding="utf-8"?>
<Project ToolsVersion="4.0" xmlns="http://schemas.microsoft.com/developer/msbuild/2003">
  <ItemGroup>
    <ClCompile Include="main.cpp" />
    <ClCompile Include="Scene.cpp">
      <Filter>Scene</Filter>
    </ClCompile>
    <ClCompile Include="SceneManager.cpp">
      <Filter>Scene\SceneManager</Filter>
    </ClCompile>
    <ClCompile Include="Field.cpp">
      <Filter>Processor\Field</Filter>
    </ClCompile>
    <ClCompile Include="TitleViewer.cpp">
      <Filter>Viewer\ViewScene</Filter>
    </ClCompile>
    <ClCompile Include="CharacterSelect.cpp">
      <Filter>Scene</Filter>
    </ClCompile>
    <ClCompile Include="Game.cpp">
      <Filter>Scene</Filter>
    </ClCompile>
    <ClCompile Include="Result.cpp">
      <Filter>Scene</Filter>
    </ClCompile>
    <ClCompile Include="Title.cpp">
      <Filter>Scene</Filter>
    </ClCompile>
    <ClCompile Include="FieldViewer.cpp">
      <Filter>Viewer\ViewField</Filter>
    </ClCompile>
    <ClCompile Include="CharacterSelectViewer.cpp">
      <Filter>Viewer\ViewScene</Filter>
    </ClCompile>
    <ClCompile Include="GameViewer.cpp">
      <Filter>Viewer\ViewScene</Filter>
    </ClCompile>
    <ClCompile Include="ResultViewer.cpp">
      <Filter>Viewer\ViewScene</Filter>
    </ClCompile>
    <ClCompile Include="TitleProcessor.cpp">
      <Filter>Processor\Scene</Filter>
    </ClCompile>
    <ClCompile Include="CharacterSelectProcessor.cpp">
      <Filter>Processor\Scene</Filter>
    </ClCompile>
    <ClCompile Include="GameProcessor.cpp">
      <Filter>Processor\Scene</Filter>
    </ClCompile>
    <ClCompile Include="ResultProcessor.cpp">
      <Filter>Processor\Scene</Filter>
    </ClCompile>
    <ClCompile Include="Connector.cpp">
      <Filter>Network</Filter>
    </ClCompile>
    <ClCompile Include="NetworkManager.cpp">
      <Filter>Network\NewworkManager</Filter>
    </ClCompile>
    <ClCompile Include="NWOption.cpp">
      <Filter>Scene</Filter>
    </ClCompile>
  </ItemGroup>
  <ItemGroup>
    <ClInclude Include="Scene.h">
      <Filter>Scene</Filter>
    </ClInclude>
    <ClInclude Include="SceneManager.h">
      <Filter>Scene\SceneManager</Filter>
    </ClInclude>
    <ClInclude Include="Field.h">
      <Filter>Processor\Field</Filter>
    </ClInclude>
    <ClInclude Include="TitleViewer.h">
      <Filter>Viewer\ViewScene</Filter>
    </ClInclude>
    <ClInclude Include="CharacterSelect.h">
      <Filter>Scene</Filter>
    </ClInclude>
    <ClInclude Include="Game.h">
      <Filter>Scene</Filter>
    </ClInclude>
    <ClInclude Include="Result.h">
      <Filter>Scene</Filter>
    </ClInclude>
    <ClInclude Include="Title.h">
      <Filter>Scene</Filter>
    </ClInclude>
    <ClInclude Include="FieldViewer.h">
      <Filter>Viewer\ViewField</Filter>
    </ClInclude>
    <ClInclude Include="CharacterSelectViewer.h">
      <Filter>Viewer\ViewScene</Filter>
    </ClInclude>
    <ClInclude Include="GameViewer.h">
      <Filter>Viewer\ViewScene</Filter>
    </ClInclude>
    <ClInclude Include="ResultViewer.h">
      <Filter>Viewer\ViewScene</Filter>
    </ClInclude>
    <ClInclude Include="TitleProcessor.h">
      <Filter>Processor\Scene</Filter>
    </ClInclude>
    <ClInclude Include="GameProcessor.h">
      <Filter>Processor\Scene</Filter>
    </ClInclude>
    <ClInclude Include="CharacterSelectProcessor.h">
      <Filter>Processor\Scene</Filter>
    </ClInclude>
    <ClInclude Include="ResultProcessor.h">
      <Filter>Processor\Scene</Filter>
    </ClInclude>
    <ClInclude Include="Connector.h">
      <Filter>Network</Filter>
    </ClInclude>
    <ClInclude Include="NetworkManager.h">
      <Filter>Network\NewworkManager</Filter>
    </ClInclude>
    <ClInclude Include="NWOption.h">
      <Filter>Scene</Filter>
    </ClInclude>
  </ItemGroup>
  <ItemGroup>
    <Filter Include="Processor">
      <UniqueIdentifier>{96e7177f-db94-40ba-be38-6b876e49c781}</UniqueIdentifier>
    </Filter>
    <Filter Include="Viewer">
      <UniqueIdentifier>{71fc3467-f883-4d32-b12b-e6ad03f1799a}</UniqueIdentifier>
    </Filter>
    <Filter Include="Network">
      <UniqueIdentifier>{fba4fdb9-4d0e-40ff-9e05-7f8b671b11dd}</UniqueIdentifier>
    </Filter>
    <Filter Include="Processor\Character">
      <UniqueIdentifier>{1d9fc2f7-c674-4f84-8086-97eaedb30c60}</UniqueIdentifier>
    </Filter>
    <Filter Include="Processor\Field">
      <UniqueIdentifier>{c81fc8b2-301f-42f2-847c-aac5eca6db39}</UniqueIdentifier>
    </Filter>
    <Filter Include="Viewer\ViewField">
      <UniqueIdentifier>{0e2aa911-b578-4ac2-877f-2c0a504f1aac}</UniqueIdentifier>
    </Filter>
    <Filter Include="Viewer\ViewCharacter">
      <UniqueIdentifier>{df370c33-9799-421d-84eb-e702f9050de4}</UniqueIdentifier>
    </Filter>
    <Filter Include="Viewer\ViewScene">
      <UniqueIdentifier>{5b10e425-33cd-468d-bbf3-fef9fc8a2594}</UniqueIdentifier>
    </Filter>
    <Filter Include="Scene">
      <UniqueIdentifier>{b859ccb4-4c8e-4493-8e8a-3e2e6187d9a5}</UniqueIdentifier>
    </Filter>
    <Filter Include="Scene\SceneManager">
      <UniqueIdentifier>{5f66ea36-58ce-4825-a1f5-17e0e89bbba4}</UniqueIdentifier>
    </Filter>
    <Filter Include="Processor\Scene">
      <UniqueIdentifier>{040402a7-0283-4c01-9507-b85aae9bb832}</UniqueIdentifier>
    </Filter>
    <Filter Include="Network\NewworkManager">
      <UniqueIdentifier>{ea28f25d-8a02-41d9-9634-333fae767efe}</UniqueIdentifier>
    </Filter>
  </ItemGroup>
</Project>